
Microsoft Visual Studio Solution File, Format Version 12.00
# Visual Studio Version 16
VisualStudioVersion = 16.0.31702.278
MinimumVisualStudioVersion = 10.0.40219.1
Project("{888888A0-9F3D-457C-B088-3A5042F75D52}") = "whatsapp_bot_MF", "whatsapp_bot_MF\whatsapp_bot_MF.pyproj", "{533F746F-9913-43E3-9792-79C4617E9883}"
EndProject
Global
	GlobalSection(SolutionConfigurationPlatforms) = preSolution
		Debug|Any CPU = Debug|Any CPU
		Release|Any CPU = Release|Any CPU
	EndGlobalSection
	GlobalSection(ProjectConfigurationPlatforms) = postSolution
		{533F746F-9913-43E3-9792-79C4617E9883}.Debug|Any CPU.ActiveCfg = Debug|Any CPU
		{533F746F-9913-43E3-9792-79C4617E9883}.Release|Any CPU.ActiveCfg = Release|Any CPU
	EndGlobalSection
	GlobalSection(SolutionProperties) = preSolution
		HideSolutionNode = FALSE
	EndGlobalSection
	GlobalSection(ExtensibilityGlobals) = postSolution
		SolutionGuid = {FE81DAD9-F986-438E-9E64-0465421B8530}
	EndGlobalSection
EndGlobal
